
Microsoft Visual Studio Solution File, Format Version 12.00
# Visual Studio Version 16
VisualStudioVersion = 16.0.31702.278
MinimumVisualStudioVersion = 10.0.40219.1
Project("{FAE04EC0-301F-11D3-BF4B-00C04F79EFBC}") = "MovieTicketbookingBusinessLogic", "MovieTicketbookingBusinessLogic\MovieTicketbookingBusinessLogic.csproj", "{764484BB-7E43-4FC0-875E-40B9D8C80F5C}"
EndProject
Project("{FAE04EC0-301F-11D3-BF4B-00C04F79EFBC}") = "MovieTicketbookingDataLayer", "MovieTicketbookingDataLayer\MovieTicketbookingDataLayer.csproj", "{EFB7D067-48E6-4970-928E-1DFC380D5FC0}"
EndProject
Project("{FAE04EC0-301F-11D3-BF4B-00C04F79EFBC}") = "MovieTicketbookingModel", "MovieTicketbookingModel\MovieTicketbookingModel.csproj", "{4909AC37-6488-4738-A001-D72FA1897588}"
EndProject
Project("{FAE04EC0-301F-11D3-BF4B-00C04F79EFBC}") = "MovieTicketbookingUI", "MovieTicketbookingUI\MovieTicketbookingUI.csproj", "{63D00410-3121-48BC-8124-49D94E09CE70}"
EndProject
Global
	GlobalSection(SolutionConfigurationPlatforms) = preSolution
		Debug|Any CPU = Debug|Any CPU
		Release|Any CPU = Release|Any CPU
	EndGlobalSection
	GlobalSection(ProjectConfigurationPlatforms) = postSolution
		{764484BB-7E43-4FC0-875E-40B9D8C80F5C}.Debug|Any CPU.ActiveCfg = Debug|Any CPU
		{764484BB-7E43-4FC0-875E-40B9D8C80F5C}.Debug|Any CPU.Build.0 = Debug|Any CPU
		{764484BB-7E43-4FC0-875E-40B9D8C80F5C}.Release|Any CPU.ActiveCfg = Release|Any CPU
		{764484BB-7E43-4FC0-875E-40B9D8C80F5C}.Release|Any CPU.Build.0 = Release|Any CPU
		{EFB7D067-48E6-4970-928E-1DFC380D5FC0}.Debug|Any CPU.ActiveCfg = Debug|Any CPU
		{EFB7D067-48E6-4970-928E-1DFC380D5FC0}.Debug|Any CPU.Build.0 = Debug|Any CPU
		{EFB7D067-48E6-4970-928E-1DFC380D5FC0}.Release|Any CPU.ActiveCfg = Release|Any CPU
		{EFB7D067-48E6-4970-928E-1DFC380D5FC0}.Release|Any CPU.Build.0 = Release|Any CPU
		{4909AC37-6488-4738-A001-D72FA1897588}.Debug|Any CPU.ActiveCfg = Debug|Any CPU
		{4909AC37-6488-4738-A001-D72FA1897588}.Debug|Any CPU.Build.0 = Debug|Any CPU
		{4909AC37-6488-4738-A001-D72FA1897588}.Release|Any CPU.ActiveCfg = Release|Any CPU
		{4909AC37-6488-4738-A001-D72FA1897588}.Release|Any CPU.Build.0 = Release|Any CPU
		{63D00410-3121-48BC-8124-49D94E09CE70}.Debug|Any CPU.ActiveCfg = Debug|Any CPU
		{63D00410-3121-48BC-8124-49D94E09CE70}.Debug|Any CPU.Build.0 = Debug|Any CPU
		{63D00410-3121-48BC-8124-49D94E09CE70}.Release|Any CPU.ActiveCfg = Release|Any CPU
		{63D00410-3121-48BC-8124-49D94E09CE70}.Release|Any CPU.Build.0 = Release|Any CPU
	EndGlobalSection
	GlobalSection(SolutionProperties) = preSolution
		HideSolutionNode = FALSE
	EndGlobalSection
	GlobalSection(ExtensibilityGlobals) = postSolution
		SolutionGuid = {3E58AAEB-4B76-4FBD-8235-725C9AFE3479}
	EndGlobalSection
EndGlobal
